// !$*UTF8*$!
{
	archiveVersion = 1;
	classes = {
	};
	objectVersion = 46;
	objects = {

/* Begin PBXBuildFile section */
		790708571E24F9EF00EF4279 /* PBWebServiceHelper.swift in Sources */ = {isa = PBXBuildFile; fileRef = 790708561E24F9EF00EF4279 /* PBWebServiceHelper.swift */; };
		79225D801E2D030600A70730 /* GitHubIssues.xcdatamodeld in Sources */ = {isa = PBXBuildFile; fileRef = 79225D7E1E2D030600A70730 /* GitHubIssues.xcdatamodeld */; };
		79225D8C1E2E050900A70730 /* PBPOCDelegate.swift in Sources */ = {isa = PBXBuildFile; fileRef = 79225D8B1E2E050900A70730 /* PBPOCDelegate.swift */; };
		79225D8E1E2E069400A70730 /* GHDelegate.swift in Sources */ = {isa = PBXBuildFile; fileRef = 79225D8D1E2E069400A70730 /* GHDelegate.swift */; };
		79225D901E2E126A00A70730 /* GHIssuesListViewController.swift in Sources */ = {isa = PBXBuildFile; fileRef = 79225D8F1E2E126A00A70730 /* GHIssuesListViewController.swift */; };
		79225D921E2E12DC00A70730 /* GHIssuesTableViewCell.swift in Sources */ = {isa = PBXBuildFile; fileRef = 79225D911E2E12DB00A70730 /* GHIssuesTableViewCell.swift */; };
		79225D941E2E132800A70730 /* GHCommentsViewController.swift in Sources */ = {isa = PBXBuildFile; fileRef = 79225D931E2E132800A70730 /* GHCommentsViewController.swift */; };
		79225D961E2E138700A70730 /* GHCommentsTableViewCell.swift in Sources */ = {isa = PBXBuildFile; fileRef = 79225D951E2E138700A70730 /* GHCommentsTableViewCell.swift */; };
		79225D981E2E140100A70730 /* GHIssue.swift in Sources */ = {isa = PBXBuildFile; fileRef = 79225D971E2E140100A70730 /* GHIssue.swift */; };
		79225D9A1E2E141800A70730 /* GHIssueComment.swift in Sources */ = {isa = PBXBuildFile; fileRef = 79225D991E2E141800A70730 /* GHIssueComment.swift */; };
		79225DA01E2E36E600A70730 /* GHSingleton.swift in Sources */ = {isa = PBXBuildFile; fileRef = 79225D9F1E2E36E600A70730 /* GHSingleton.swift */; };
		79225DA41E2E389700A70730 /* PBConstants.swift in Sources */ = {isa = PBXBuildFile; fileRef = 79225DA11E2E389700A70730 /* PBConstants.swift */; };
		79225DA61E2E389700A70730 /* PBUtility.swift in Sources */ = {isa = PBXBuildFile; fileRef = 79225DA31E2E389700A70730 /* PBUtility.swift */; };
		79225DA81E2E3DFB00A70730 /* PBCoreDataController.swift in Sources */ = {isa = PBXBuildFile; fileRef = 79225DA71E2E3DFB00A70730 /* PBCoreDataController.swift */; };
		7924EE6E1E0D2B06009CBB85 /* Assets.xcassets in Resources */ = {isa = PBXBuildFile; fileRef = 7924EE6D1E0D2B06009CBB85 /* Assets.xcassets */; };
		7924EE7C1E0D2B06009CBB85 /* POCBookTests.swift in Sources */ = {isa = PBXBuildFile; fileRef = 7924EE7B1E0D2B06009CBB85 /* POCBookTests.swift */; };
		7924EE871E0D2B06009CBB85 /* POCBookUITests.swift in Sources */ = {isa = PBXBuildFile; fileRef = 7924EE861E0D2B06009CBB85 /* POCBookUITests.swift */; };
		7924EE971E0D34F2009CBB85 /* PBAppDelegate.swift in Sources */ = {isa = PBXBuildFile; fileRef = 7924EE961E0D34F2009CBB85 /* PBAppDelegate.swift */; };
		7924EE9E1E0D357E009CBB85 /* PBPoc.swift in Sources */ = {isa = PBXBuildFile; fileRef = 7924EE9D1E0D357E009CBB85 /* PBPoc.swift */; };
		7924EEA31E0D35B3009CBB85 /* LaunchScreen.storyboard in Resources */ = {isa = PBXBuildFile; fileRef = 7924EE9F1E0D35B3009CBB85 /* LaunchScreen.storyboard */; };
		7924EEA41E0D35B3009CBB85 /* Main.storyboard in Resources */ = {isa = PBXBuildFile; fileRef = 7924EEA11E0D35B3009CBB85 /* Main.storyboard */; };
		7924EEAB1E0D3775009CBB85 /* PBSingleton.swift in Sources */ = {isa = PBXBuildFile; fileRef = 7924EEAA1E0D3775009CBB85 /* PBSingleton.swift */; };
		7924EEAD1E0D3864009CBB85 /* PBPocInfo.plist in Resources */ = {isa = PBXBuildFile; fileRef = 7924EEAC1E0D3864009CBB85 /* PBPocInfo.plist */; };
		7924EEB51E0D3C98009CBB85 /* PBNavController.swift in Sources */ = {isa = PBXBuildFile; fileRef = 7924EEB21E0D3C98009CBB85 /* PBNavController.swift */; };
		7924EEB61E0D3C98009CBB85 /* PBPOCListViewController.swift in Sources */ = {isa = PBXBuildFile; fileRef = 7924EEB31E0D3C98009CBB85 /* PBPOCListViewController.swift */; };
		7924EEB71E0D3C98009CBB85 /* PBViewController.swift in Sources */ = {isa = PBXBuildFile; fileRef = 7924EEB41E0D3C98009CBB85 /* PBViewController.swift */; };
		7924EEBB1E0D3DA6009CBB85 /* PBPOCListTableViewCell.swift in Sources */ = {isa = PBXBuildFile; fileRef = 7924EEBA1E0D3DA6009CBB85 /* PBPOCListTableViewCell.swift */; };
		796038751E1E5C6100D34CF7 /* GITHUB_ISSUES.storyboard in Resources */ = {isa = PBXBuildFile; fileRef = 796038701E1E5C6100D34CF7 /* GITHUB_ISSUES.storyboard */; };
		796038761E1E5C6100D34CF7 /* GITHUB_ISSUES.txt in Resources */ = {isa = PBXBuildFile; fileRef = 796038711E1E5C6100D34CF7 /* GITHUB_ISSUES.txt */; };
		796038851E1E78BB00D34CF7 /* PBNetworkManager.swift in Sources */ = {isa = PBXBuildFile; fileRef = 796038841E1E78BB00D34CF7 /* PBNetworkManager.swift */; };
		796038871E1F7EC000D34CF7 /* PBNWRequest.swift in Sources */ = {isa = PBXBuildFile; fileRef = 796038861E1F7EC000D34CF7 /* PBNWRequest.swift */; };
		796038891E1F807A00D34CF7 /* PBNWResponse.swift in Sources */ = {isa = PBXBuildFile; fileRef = 796038881E1F807A00D34CF7 /* PBNWResponse.swift */; };
/* End PBXBuildFile section */

/* Begin PBXContainerItemProxy section */
		7924EE781E0D2B06009CBB85 /* PBXContainerItemProxy */ = {
			isa = PBXContainerItemProxy;
			containerPortal = 7924EE5B1E0D2B05009CBB85 /* Project object */;
			proxyType = 1;
			remoteGlobalIDString = 7924EE621E0D2B05009CBB85;
			remoteInfo = POCBook;
		};
		7924EE831E0D2B06009CBB85 /* PBXContainerItemProxy */ = {
			isa = PBXContainerItemProxy;
			containerPortal = 7924EE5B1E0D2B05009CBB85 /* Project object */;
			proxyType = 1;
			remoteGlobalIDString = 7924EE621E0D2B05009CBB85;
			remoteInfo = POCBook;
		};
/* End PBXContainerItemProxy section */

/* Begin PBXFileReference section */
		790708561E24F9EF00EF4279 /* PBWebServiceHelper.swift */ = {isa = PBXFileReference; fileEncoding = 4; lastKnownFileType = sourcecode.swift; path = PBWebServiceHelper.swift; sourceTree = "<group>"; };
		79225D7F1E2D030600A70730 /* GitHubIssues.xcdatamodel */ = {isa = PBXFileReference; lastKnownFileType = wrapper.xcdatamodel; path = GitHubIssues.xcdatamodel; sourceTree = "<group>"; };
		79225D8B1E2E050900A70730 /* PBPOCDelegate.swift */ = {isa = PBXFileReference; fileEncoding = 4; lastKnownFileType = sourcecode.swift; path = PBPOCDelegate.swift; sourceTree = "<group>"; };
		79225D8D1E2E069400A70730 /* GHDelegate.swift */ = {isa = PBXFileReference; fileEncoding = 4; lastKnownFileType = sourcecode.swift; path = GHDelegate.swift; sourceTree = "<group>"; };
		79225D8F1E2E126A00A70730 /* GHIssuesListViewController.swift */ = {isa = PBXFileReference; fileEncoding = 4; lastKnownFileType = sourcecode.swift; path = GHIssuesListViewController.swift; sourceTree = "<group>"; };
		79225D911E2E12DB00A70730 /* GHIssuesTableViewCell.swift */ = {isa = PBXFileReference; fileEncoding = 4; lastKnownFileType = sourcecode.swift; path = GHIssuesTableViewCell.swift; sourceTree = "<group>"; };
		79225D931E2E132800A70730 /* GHCommentsViewController.swift */ = {isa = PBXFileReference; fileEncoding = 4; lastKnownFileType = sourcecode.swift; path = GHCommentsViewController.swift; sourceTree = "<group>"; };
		79225D951E2E138700A70730 /* GHCommentsTableViewCell.swift */ = {isa = PBXFileReference; fileEncoding = 4; lastKnownFileType = sourcecode.swift; path = GHCommentsTableViewCell.swift; sourceTree = "<group>"; };
		79225D971E2E140100A70730 /* GHIssue.swift */ = {isa = PBXFileReference; fileEncoding = 4; lastKnownFileType = sourcecode.swift; path = GHIssue.swift; sourceTree = "<group>"; };
		79225D991E2E141800A70730 /* GHIssueComment.swift */ = {isa = PBXFileReference; fileEncoding = 4; lastKnownFileType = sourcecode.swift; path = GHIssueComment.swift; sourceTree = "<group>"; };
		79225D9F1E2E36E600A70730 /* GHSingleton.swift */ = {isa = PBXFileReference; fileEncoding = 4; lastKnownFileType = sourcecode.swift; path = GHSingleton.swift; sourceTree = "<group>"; };
		79225DA11E2E389700A70730 /* PBConstants.swift */ = {isa = PBXFileReference; fileEncoding = 4; lastKnownFileType = sourcecode.swift; path = PBConstants.swift; sourceTree = "<group>"; };
		79225DA31E2E389700A70730 /* PBUtility.swift */ = {isa = PBXFileReference; fileEncoding = 4; lastKnownFileType = sourcecode.swift; path = PBUtility.swift; sourceTree = "<group>"; };
		79225DA71E2E3DFB00A70730 /* PBCoreDataController.swift */ = {isa = PBXFileReference; fileEncoding = 4; lastKnownFileType = sourcecode.swift; path = PBCoreDataController.swift; sourceTree = "<group>"; };
		7924EE631E0D2B05009CBB85 /* POCBook.app */ = {isa = PBXFileReference; explicitFileType = wrapper.application; includeInIndex = 0; path = POCBook.app; sourceTree = BUILT_PRODUCTS_DIR; };
		7924EE6D1E0D2B06009CBB85 /* Assets.xcassets */ = {isa = PBXFileReference; lastKnownFileType = folder.assetcatalog; path = Assets.xcassets; sourceTree = "<group>"; };
		7924EE721E0D2B06009CBB85 /* Info.plist */ = {isa = PBXFileReference; lastKnownFileType = text.plist.xml; path = Info.plist; sourceTree = "<group>"; };
		7924EE771E0D2B06009CBB85 /* POCBookTests.xctest */ = {isa = PBXFileReference; explicitFileType = wrapper.cfbundle; includeInIndex = 0; path = POCBookTests.xctest; sourceTree = BUILT_PRODUCTS_DIR; };
		7924EE7B1E0D2B06009CBB85 /* POCBookTests.swift */ = {isa = PBXFileReference; lastKnownFileType = sourcecode.swift; path = POCBookTests.swift; sourceTree = "<group>"; };
		7924EE7D1E0D2B06009CBB85 /* Info.plist */ = {isa = PBXFileReference; lastKnownFileType = text.plist.xml; path = Info.plist; sourceTree = "<group>"; };
		7924EE821E0D2B06009CBB85 /* POCBookUITests.xctest */ = {isa = PBXFileReference; explicitFileType = wrapper.cfbundle; includeInIndex = 0; path = POCBookUITests.xctest; sourceTree = BUILT_PRODUCTS_DIR; };
		7924EE861E0D2B06009CBB85 /* POCBookUITests.swift */ = {isa = PBXFileReference; lastKnownFileType = sourcecode.swift; path = POCBookUITests.swift; sourceTree = "<group>"; };
		7924EE881E0D2B06009CBB85 /* Info.plist */ = {isa = PBXFileReference; lastKnownFileType = text.plist.xml; path = Info.plist; sourceTree = "<group>"; };
		7924EE961E0D34F2009CBB85 /* PBAppDelegate.swift */ = {isa = PBXFileReference; fileEncoding = 4; lastKnownFileType = sourcecode.swift; path = PBAppDelegate.swift; sourceTree = "<group>"; };
		7924EE9D1E0D357E009CBB85 /* PBPoc.swift */ = {isa = PBXFileReference; fileEncoding = 4; lastKnownFileType = sourcecode.swift; path = PBPoc.swift; sourceTree = "<group>"; };
		7924EEA01E0D35B3009CBB85 /* Base */ = {isa = PBXFileReference; lastKnownFileType = file.storyboard; name = Base; path = Base.lproj/LaunchScreen.storyboard; sourceTree = "<group>"; };
		7924EEA21E0D35B3009CBB85 /* Base */ = {isa = PBXFileReference; lastKnownFileType = file.storyboard; name = Base; path = Base.lproj/Main.storyboard; sourceTree = "<group>"; };
		7924EEAA1E0D3775009CBB85 /* PBSingleton.swift */ = {isa = PBXFileReference; fileEncoding = 4; lastKnownFileType = sourcecode.swift; path = PBSingleton.swift; sourceTree = "<group>"; };
		7924EEAC1E0D3864009CBB85 /* PBPocInfo.plist */ = {isa = PBXFileReference; fileEncoding = 4; lastKnownFileType = text.plist.xml; path = PBPocInfo.plist; sourceTree = "<group>"; };
		7924EEB21E0D3C98009CBB85 /* PBNavController.swift */ = {isa = PBXFileReference; fileEncoding = 4; lastKnownFileType = sourcecode.swift; path = PBNavController.swift; sourceTree = "<group>"; };
		7924EEB31E0D3C98009CBB85 /* PBPOCListViewController.swift */ = {isa = PBXFileReference; fileEncoding = 4; lastKnownFileType = sourcecode.swift; path = PBPOCListViewController.swift; sourceTree = "<group>"; };
		7924EEB41E0D3C98009CBB85 /* PBViewController.swift */ = {isa = PBXFileReference; fileEncoding = 4; lastKnownFileType = sourcecode.swift; path = PBViewController.swift; sourceTree = "<group>"; };
		7924EEBA1E0D3DA6009CBB85 /* PBPOCListTableViewCell.swift */ = {isa = PBXFileReference; fileEncoding = 4; lastKnownFileType = sourcecode.swift; path = PBPOCListTableViewCell.swift; sourceTree = "<group>"; };
		796038701E1E5C6100D34CF7 /* GITHUB_ISSUES.storyboard */ = {isa = PBXFileReference; fileEncoding = 4; lastKnownFileType = file.storyboard; path = GITHUB_ISSUES.storyboard; sourceTree = "<group>"; };
		796038711E1E5C6100D34CF7 /* GITHUB_ISSUES.txt */ = {isa = PBXFileReference; fileEncoding = 4; lastKnownFileType = text; path = GITHUB_ISSUES.txt; sourceTree = "<group>"; };
		796038841E1E78BB00D34CF7 /* PBNetworkManager.swift */ = {isa = PBXFileReference; fileEncoding = 4; lastKnownFileType = sourcecode.swift; path = PBNetworkManager.swift; sourceTree = "<group>"; };
		796038861E1F7EC000D34CF7 /* PBNWRequest.swift */ = {isa = PBXFileReference; fileEncoding = 4; lastKnownFileType = sourcecode.swift; path = PBNWRequest.swift; sourceTree = "<group>"; };
		796038881E1F807A00D34CF7 /* PBNWResponse.swift */ = {isa = PBXFileReference; fileEncoding = 4; lastKnownFileType = sourcecode.swift; path = PBNWResponse.swift; sourceTree = "<group>"; };
/* End PBXFileReference section */

/* Begin PBXFrameworksBuildPhase section */
		7924EE601E0D2B05009CBB85 /* Frameworks */ = {
			isa = PBXFrameworksBuildPhase;
			buildActionMask = 2147483647;
			files = (
			);
			runOnlyForDeploymentPostprocessing = 0;
		};
		7924EE741E0D2B06009CBB85 /* Frameworks */ = {
			isa = PBXFrameworksBuildPhase;
			buildActionMask = 2147483647;
			files = (
			);
			runOnlyForDeploymentPostprocessing = 0;
		};
		7924EE7F1E0D2B06009CBB85 /* Frameworks */ = {
			isa = PBXFrameworksBuildPhase;
			buildActionMask = 2147483647;
			files = (
			);
			runOnlyForDeploymentPostprocessing = 0;
		};
/* End PBXFrameworksBuildPhase section */

/* Begin PBXGroup section */
		79225D9E1E2E36CB00A70730 /* Core */ = {
			isa = PBXGroup;
			children = (
				79225D9F1E2E36E600A70730 /* GHSingleton.swift */,
			);
			path = Core;
			sourceTree = "<group>";
		};
		7924EE5A1E0D2B05009CBB85 = {
			isa = PBXGroup;
			children = (
				7924EE651E0D2B05009CBB85 /* POCBook */,
				7924EE7A1E0D2B06009CBB85 /* POCBookTests */,
				7924EE851E0D2B06009CBB85 /* POCBookUITests */,
				7924EE641E0D2B05009CBB85 /* Products */,
			);
			sourceTree = "<group>";
		};
		7924EE641E0D2B05009CBB85 /* Products */ = {
			isa = PBXGroup;
			children = (
				7924EE631E0D2B05009CBB85 /* POCBook.app */,
				7924EE771E0D2B06009CBB85 /* POCBookTests.xctest */,
				7924EE821E0D2B06009CBB85 /* POCBookUITests.xctest */,
			);
			name = Products;
			sourceTree = "<group>";
		};
		7924EE651E0D2B05009CBB85 /* POCBook */ = {
			isa = PBXGroup;
			children = (
				7924EE961E0D34F2009CBB85 /* PBAppDelegate.swift */,
				7968C8F11E2624730019B13B /* Protocols */,
				7960387F1E1E635C00D34CF7 /* Networking */,
				7960386E1E1E5C4800D34CF7 /* POCs */,
				7924EEAE1E0D38E2009CBB85 /* POC Controllers */,
				7924EEA91E0D36A8009CBB85 /* Core Engine */,
				7924EE9C1E0D357E009CBB85 /* Model */,
				7924EE6D1E0D2B06009CBB85 /* Assets.xcassets */,
				7924EE9F1E0D35B3009CBB85 /* LaunchScreen.storyboard */,
				7924EEA11E0D35B3009CBB85 /* Main.storyboard */,
				7924EE721E0D2B06009CBB85 /* Info.plist */,
			);
			path = POCBook;
			sourceTree = "<group>";
		};
		7924EE7A1E0D2B06009CBB85 /* POCBookTests */ = {
			isa = PBXGroup;
			children = (
				7924EE7B1E0D2B06009CBB85 /* POCBookTests.swift */,
				7924EE7D1E0D2B06009CBB85 /* Info.plist */,
			);
			path = POCBookTests;
			sourceTree = "<group>";
		};
		7924EE851E0D2B06009CBB85 /* POCBookUITests */ = {
			isa = PBXGroup;
			children = (
				7924EE861E0D2B06009CBB85 /* POCBookUITests.swift */,
				7924EE881E0D2B06009CBB85 /* Info.plist */,
			);
			path = POCBookUITests;
			sourceTree = "<group>";
		};
		7924EE9C1E0D357E009CBB85 /* Model */ = {
			isa = PBXGroup;
			children = (
				7924EE9D1E0D357E009CBB85 /* PBPoc.swift */,
				7924EEAC1E0D3864009CBB85 /* PBPocInfo.plist */,
			);
			path = Model;
			sourceTree = "<group>";
		};
		7924EEA91E0D36A8009CBB85 /* Core Engine */ = {
			isa = PBXGroup;
			children = (
				7924EEAA1E0D3775009CBB85 /* PBSingleton.swift */,
				79225DA11E2E389700A70730 /* PBConstants.swift */,
				79225DA31E2E389700A70730 /* PBUtility.swift */,
				790708561E24F9EF00EF4279 /* PBWebServiceHelper.swift */,
				79225DA71E2E3DFB00A70730 /* PBCoreDataController.swift */,
			);
			path = "Core Engine";
			sourceTree = "<group>";
		};
		7924EEAE1E0D38E2009CBB85 /* POC Controllers */ = {
			isa = PBXGroup;
			children = (
				7924EEB21E0D3C98009CBB85 /* PBNavController.swift */,
				7924EEB41E0D3C98009CBB85 /* PBViewController.swift */,
				7924EEB31E0D3C98009CBB85 /* PBPOCListViewController.swift */,
				7924EEBA1E0D3DA6009CBB85 /* PBPOCListTableViewCell.swift */,
			);
			path = "POC Controllers";
			sourceTree = "<group>";
		};
		7960386E1E1E5C4800D34CF7 /* POCs */ = {
			isa = PBXGroup;
			children = (
				7960386F1E1E5C6100D34CF7 /* Github Issues */,
			);
			path = POCs;
			sourceTree = "<group>";
		};
		7960386F1E1E5C6100D34CF7 /* Github Issues */ = {
			isa = PBXGroup;
			children = (
				79225D8D1E2E069400A70730 /* GHDelegate.swift */,
				796038701E1E5C6100D34CF7 /* GITHUB_ISSUES.storyboard */,
				796038711E1E5C6100D34CF7 /* GITHUB_ISSUES.txt */,
				7960387A1E1E5CAE00D34CF7 /* View Controllers */,
				79225D9E1E2E36CB00A70730 /* Core */,
				796038721E1E5C6100D34CF7 /* Model */,
			);
			path = "Github Issues";
			sourceTree = "<group>";
		};
		796038721E1E5C6100D34CF7 /* Model */ = {
			isa = PBXGroup;
			children = (
				79225D7E1E2D030600A70730 /* GitHubIssues.xcdatamodeld */,
				79225D971E2E140100A70730 /* GHIssue.swift */,
				79225D991E2E141800A70730 /* GHIssueComment.swift */,
			);
			path = Model;
			sourceTree = "<group>";
		};
		7960387A1E1E5CAE00D34CF7 /* View Controllers */ = {
			isa = PBXGroup;
			children = (
				79225D8F1E2E126A00A70730 /* GHIssuesListViewController.swift */,
				79225D911E2E12DB00A70730 /* GHIssuesTableViewCell.swift */,
				79225D931E2E132800A70730 /* GHCommentsViewController.swift */,
				79225D951E2E138700A70730 /* GHCommentsTableViewCell.swift */,
			);
			path = "View Controllers";
			sourceTree = "<group>";
		};
		7960387F1E1E635C00D34CF7 /* Networking */ = {
			isa = PBXGroup;
			children = (
				796038841E1E78BB00D34CF7 /* PBNetworkManager.swift */,
				796038861E1F7EC000D34CF7 /* PBNWRequest.swift */,
				796038881E1F807A00D34CF7 /* PBNWResponse.swift */,
			);
			path = Networking;
			sourceTree = "<group>";
		};
		7968C8F11E2624730019B13B /* Protocols */ = {
			isa = PBXGroup;
			children = (
				79225D8B1E2E050900A70730 /* PBPOCDelegate.swift */,
			);
			path = Protocols;
			sourceTree = "<group>";
		};
/* End PBXGroup section */

/* Begin PBXNativeTarget section */
		7924EE621E0D2B05009CBB85 /* POCBook */ = {
			isa = PBXNativeTarget;
			buildConfigurationList = 7924EE8B1E0D2B06009CBB85 /* Build configuration list for PBXNativeTarget "POCBook" */;
			buildPhases = (
				7924EE5F1E0D2B05009CBB85 /* Sources */,
				7924EE601E0D2B05009CBB85 /* Frameworks */,
				7924EE611E0D2B05009CBB85 /* Resources */,
			);
			buildRules = (
			);
			dependencies = (
			);
			name = POCBook;
			productName = POCBook;
			productReference = 7924EE631E0D2B05009CBB85 /* POCBook.app */;
			productType = "com.apple.product-type.application";
		};
		7924EE761E0D2B06009CBB85 /* POCBookTests */ = {
			isa = PBXNativeTarget;
			buildConfigurationList = 7924EE8E1E0D2B06009CBB85 /* Build configuration list for PBXNativeTarget "POCBookTests" */;
			buildPhases = (
				7924EE731E0D2B06009CBB85 /* Sources */,
				7924EE741E0D2B06009CBB85 /* Frameworks */,
				7924EE751E0D2B06009CBB85 /* Resources */,
			);
			buildRules = (
			);
			dependencies = (
				7924EE791E0D2B06009CBB85 /* PBXTargetDependency */,
			);
			name = POCBookTests;
			productName = POCBookTests;
			productReference = 7924EE771E0D2B06009CBB85 /* POCBookTests.xctest */;
			productType = "com.apple.product-type.bundle.unit-test";
		};
		7924EE811E0D2B06009CBB85 /* POCBookUITests */ = {
			isa = PBXNativeTarget;
			buildConfigurationList = 7924EE911E0D2B06009CBB85 /* Build configuration list for PBXNativeTarget "POCBookUITests" */;
			buildPhases = (
				7924EE7E1E0D2B06009CBB85 /* Sources */,
				7924EE7F1E0D2B06009CBB85 /* Frameworks */,
				7924EE801E0D2B06009CBB85 /* Resources */,
			);
			buildRules = (
			);
			dependencies = (
				7924EE841E0D2B06009CBB85 /* PBXTargetDependency */,
			);
			name = POCBookUITests;
			productName = POCBookUITests;
			productReference = 7924EE821E0D2B06009CBB85 /* POCBookUITests.xctest */;
			productType = "com.apple.product-type.bundle.ui-testing";
		};
/* End PBXNativeTarget section */

/* Begin PBXProject section */
		7924EE5B1E0D2B05009CBB85 /* Project object */ = {
			isa = PBXProject;
			attributes = {
				LastSwiftUpdateCheck = 0820;
				LastUpgradeCheck = 0820;
				ORGANIZATIONNAME = "rahul mahajan";
				TargetAttributes = {
					7924EE621E0D2B05009CBB85 = {
						CreatedOnToolsVersion = 8.2;
						ProvisioningStyle = Automatic;
					};
					7924EE761E0D2B06009CBB85 = {
						CreatedOnToolsVersion = 8.2;
						ProvisioningStyle = Automatic;
						TestTargetID = 7924EE621E0D2B05009CBB85;
					};
					7924EE811E0D2B06009CBB85 = {
						CreatedOnToolsVersion = 8.2;
						ProvisioningStyle = Automatic;
						TestTargetID = 7924EE621E0D2B05009CBB85;
					};
				};
			};
			buildConfigurationList = 7924EE5E1E0D2B05009CBB85 /* Build configuration list for PBXProject "POCBook" */;
			compatibilityVersion = "Xcode 3.2";
			developmentRegion = English;
			hasScannedForEncodings = 0;
			knownRegions = (
				en,
				Base,
			);
			mainGroup = 7924EE5A1E0D2B05009CBB85;
			productRefGroup = 7924EE641E0D2B05009CBB85 /* Products */;
			projectDirPath = "";
			projectRoot = "";
			targets = (
				7924EE621E0D2B05009CBB85 /* POCBook */,
				7924EE761E0D2B06009CBB85 /* POCBookTests */,
				7924EE811E0D2B06009CBB85 /* POCBookUITests */,
			);
		};
/* End PBXProject section */

/* Begin PBXResourcesBuildPhase section */
		7924EE611E0D2B05009CBB85 /* Resources */ = {
			isa = PBXResourcesBuildPhase;
			buildActionMask = 2147483647;
			files = (
				7924EEA41E0D35B3009CBB85 /* Main.storyboard in Resources */,
				7924EEAD1E0D3864009CBB85 /* PBPocInfo.plist in Resources */,
				7924EE6E1E0D2B06009CBB85 /* Assets.xcassets in Resources */,
				7924EEA31E0D35B3009CBB85 /* LaunchScreen.storyboard in Resources */,
				796038751E1E5C6100D34CF7 /* GITHUB_ISSUES.storyboard in Resources */,
				796038761E1E5C6100D34CF7 /* GITHUB_ISSUES.txt in Resources */,
			);
			runOnlyForDeploymentPostprocessing = 0;
		};
		7924EE751E0D2B06009CBB85 /* Resources */ = {
			isa = PBXResourcesBuildPhase;
			buildActionMask = 2147483647;
			files = (
			);
			runOnlyForDeploymentPostprocessing = 0;
		};
		7924EE801E0D2B06009CBB85 /* Resources */ = {
			isa = PBXResourcesBuildPhase;
			buildActionMask = 2147483647;
			files = (
			);
			runOnlyForDeploymentPostprocessing = 0;
		};
/* End PBXResourcesBuildPhase section */

/* Begin PBXSourcesBuildPhase section */
		7924EE5F1E0D2B05009CBB85 /* Sources */ = {
			isa = PBXSourcesBuildPhase;
			buildActionMask = 2147483647;
			files = (
				79225D941E2E132800A70730 /* GHCommentsViewController.swift in Sources */,
				7924EE971E0D34F2009CBB85 /* PBAppDelegate.swift in Sources */,
				7924EEB71E0D3C98009CBB85 /* PBViewController.swift in Sources */,
				79225D8C1E2E050900A70730 /* PBPOCDelegate.swift in Sources */,
				79225D981E2E140100A70730 /* GHIssue.swift in Sources */,
				796038851E1E78BB00D34CF7 /* PBNetworkManager.swift in Sources */,
				79225DA01E2E36E600A70730 /* GHSingleton.swift in Sources */,
				796038891E1F807A00D34CF7 /* PBNWResponse.swift in Sources */,
				79225DA61E2E389700A70730 /* PBUtility.swift in Sources */,
				79225D921E2E12DC00A70730 /* GHIssuesTableViewCell.swift in Sources */,
				79225D9A1E2E141800A70730 /* GHIssueComment.swift in Sources */,
				79225D961E2E138700A70730 /* GHCommentsTableViewCell.swift in Sources */,
				79225D901E2E126A00A70730 /* GHIssuesListViewController.swift in Sources */,
				7924EEBB1E0D3DA6009CBB85 /* PBPOCListTableViewCell.swift in Sources */,
				7924EE9E1E0D357E009CBB85 /* PBPoc.swift in Sources */,
				790708571E24F9EF00EF4279 /* PBWebServiceHelper.swift in Sources */,
				79225DA41E2E389700A70730 /* PBConstants.swift in Sources */,
				7924EEB51E0D3C98009CBB85 /* PBNavController.swift in Sources */,
				79225D801E2D030600A70730 /* GitHubIssues.xcdatamodeld in Sources */,
				7924EEAB1E0D3775009CBB85 /* PBSingleton.swift in Sources */,
				796038871E1F7EC000D34CF7 /* PBNWRequest.swift in Sources */,
				79225D8E1E2E069400A70730 /* GHDelegate.swift in Sources */,
				79225DA81E2E3DFB00A70730 /* PBCoreDataController.swift in Sources */,
				7924EEB61E0D3C98009CBB85 /* PBPOCListViewController.swift in Sources */,
			);
			runOnlyForDeploymentPostprocessing = 0;
		};
		7924EE731E0D2B06009CBB85 /* Sources */ = {
			isa = PBXSourcesBuildPhase;
			buildActionMask = 2147483647;
			files = (
				7924EE7C1E0D2B06009CBB85 /* POCBookTests.swift in Sources */,
			);
			runOnlyForDeploymentPostprocessing = 0;
		};
		7924EE7E1E0D2B06009CBB85 /* Sources */ = {
			isa = PBXSourcesBuildPhase;
			buildActionMask = 2147483647;
			files = (
				7924EE871E0D2B06009CBB85 /* POCBookUITests.swift in Sources */,
			);
			runOnlyForDeploymentPostprocessing = 0;
		};
/* End PBXSourcesBuildPhase section */

/* Begin PBXTargetDependency section */
		7924EE791E0D2B06009CBB85 /* PBXTargetDependency */ = {
			isa = PBXTargetDependency;
			target = 7924EE621E0D2B05009CBB85 /* POCBook */;
			targetProxy = 7924EE781E0D2B06009CBB85 /* PBXContainerItemProxy */;
		};
		7924EE841E0D2B06009CBB85 /* PBXTargetDependency */ = {
			isa = PBXTargetDependency;
			target = 7924EE621E0D2B05009CBB85 /* POCBook */;
			targetProxy = 7924EE831E0D2B06009CBB85 /* PBXContainerItemProxy */;
		};
/* End PBXTargetDependency section */

/* Begin PBXVariantGroup section */
		7924EE9F1E0D35B3009CBB85 /* LaunchScreen.storyboard */ = {
			isa = PBXVariantGroup;
			children = (
				7924EEA01E0D35B3009CBB85 /* Base */,
			);
			name = LaunchScreen.storyboard;
			sourceTree = "<group>";
		};
		7924EEA11E0D35B3009CBB85 /* Main.storyboard */ = {
			isa = PBXVariantGroup;
			children = (
				7924EEA21E0D35B3009CBB85 /* Base */,
			);
			name = Main.storyboard;
			sourceTree = "<group>";
		};
/* End PBXVariantGroup section */

/* Begin XCBuildConfiguration section */
		7924EE891E0D2B06009CBB85 /* Debug */ = {
			isa = XCBuildConfiguration;
			buildSettings = {
				ALWAYS_SEARCH_USER_PATHS = NO;
				CLANG_ANALYZER_NONNULL = YES;
				CLANG_CXX_LANGUAGE_STANDARD = "gnu++0x";
				CLANG_CXX_LIBRARY = "libc++";
				CLANG_ENABLE_MODULES = YES;
				CLANG_ENABLE_OBJC_ARC = YES;
				CLANG_WARN_BOOL_CONVERSION = YES;
				CLANG_WARN_CONSTANT_CONVERSION = YES;
				CLANG_WARN_DIRECT_OBJC_ISA_USAGE = YES_ERROR;
				CLANG_WARN_DOCUMENTATION_COMMENTS = YES;
				CLANG_WARN_EMPTY_BODY = YES;
				CLANG_WARN_ENUM_CONVERSION = YES;
				CLANG_WARN_INFINITE_RECURSION = YES;
				CLANG_WARN_INT_CONVERSION = YES;
				CLANG_WARN_OBJC_ROOT_CLASS = YES_ERROR;
				CLANG_WARN_SUSPICIOUS_MOVE = YES;
				CLANG_WARN_UNREACHABLE_CODE = YES;
				CLANG_WARN__DUPLICATE_METHOD_MATCH = YES;
				"CODE_SIGN_IDENTITY[sdk=iphoneos*]" = "iPhone Developer";
				COPY_PHASE_STRIP = NO;
				DEBUG_INFORMATION_FORMAT = dwarf;
				ENABLE_STRICT_OBJC_MSGSEND = YES;
				ENABLE_TESTABILITY = YES;
				GCC_C_LANGUAGE_STANDARD = gnu99;
				GCC_DYNAMIC_NO_PIC = NO;
				GCC_NO_COMMON_BLOCKS = YES;
				GCC_OPTIMIZATION_LEVEL = 0;
				GCC_PREPROCESSOR_DEFINITIONS = (
					"DEBUG=1",
					"$(inherited)",
				);
				GCC_WARN_64_TO_32_BIT_CONVERSION = YES;
				GCC_WARN_ABOUT_RETURN_TYPE = YES_ERROR;
				GCC_WARN_UNDECLARED_SELECTOR = YES;
				GCC_WARN_UNINITIALIZED_AUTOS = YES_AGGRESSIVE;
				GCC_WARN_UNUSED_FUNCTION = YES;
				GCC_WARN_UNUSED_VARIABLE = YES;
				IPHONEOS_DEPLOYMENT_TARGET = 10.2;
				MTL_ENABLE_DEBUG_INFO = YES;
				ONLY_ACTIVE_ARCH = YES;
				SDKROOT = iphoneos;
				SWIFT_ACTIVE_COMPILATION_CONDITIONS = DEBUG;
				SWIFT_OPTIMIZATION_LEVEL = "-Onone";
				TARGETED_DEVICE_FAMILY = "1,2";
			};
			name = Debug;
		};
		7924EE8A1E0D2B06009CBB85 /* Release */ = {
			isa = XCBuildConfiguration;
			buildSettings = {
				ALWAYS_SEARCH_USER_PATHS = NO;
				CLANG_ANALYZER_NONNULL = YES;
				CLANG_CXX_LANGUAGE_STANDARD = "gnu++0x";
				CLANG_CXX_LIBRARY = "libc++";
				CLANG_ENABLE_MODULES = YES;
				CLANG_ENABLE_OBJC_ARC = YES;
				CLANG_WARN_BOOL_CONVERSION = YES;
				CLANG_WARN_CONSTANT_CONVERSION = YES;
				CLANG_WARN_DIRECT_OBJC_ISA_USAGE = YES_ERROR;
				CLANG_WARN_DOCUMENTATION_COMMENTS = YES;
				CLANG_WARN_EMPTY_BODY = YES;
				CLANG_WARN_ENUM_CONVERSION = YES;
				CLANG_WARN_INFINITE_RECURSION = YES;
				CLANG_WARN_INT_CONVERSION = YES;
				CLANG_WARN_OBJC_ROOT_CLASS = YES_ERROR;
				CLANG_WARN_SUSPICIOUS_MOVE = YES;
				CLANG_WARN_UNREACHABLE_CODE = YES;
				CLANG_WARN__DUPLICATE_METHOD_MATCH = YES;
				"CODE_SIGN_IDENTITY[sdk=iphoneos*]" = "iPhone Developer";
				COPY_PHASE_STRIP = NO;
				DEBUG_INFORMATION_FORMAT = "dwarf-with-dsym";
				ENABLE_NS_ASSERTIONS = NO;
				ENABLE_STRICT_OBJC_MSGSEND = YES;
				GCC_C_LANGUAGE_STANDARD = gnu99;
				GCC_NO_COMMON_BLOCKS = YES;
				GCC_WARN_64_TO_32_BIT_CONVERSION = YES;
				GCC_WARN_ABOUT_RETURN_TYPE = YES_ERROR;
				GCC_WARN_UNDECLARED_SELECTOR = YES;
				GCC_WARN_UNINITIALIZED_AUTOS = YES_AGGRESSIVE;
				GCC_WARN_UNUSED_FUNCTION = YES;
				GCC_WARN_UNUSED_VARIABLE = YES;
				IPHONEOS_DEPLOYMENT_TARGET = 10.2;
				MTL_ENABLE_DEBUG_INFO = NO;
				SDKROOT = iphoneos;
				SWIFT_OPTIMIZATION_LEVEL = "-Owholemodule";
				TARGETED_DEVICE_FAMILY = "1,2";
				VALIDATE_PRODUCT = YES;
			};
			name = Release;
		};
		7924EE8C1E0D2B06009CBB85 /* Debug */ = {
			isa = XCBuildConfiguration;
			buildSettings = {
				ASSETCATALOG_COMPILER_APPICON_NAME = AppIcon;
				INFOPLIST_FILE = POCBook/Info.plist;
				LD_RUNPATH_SEARCH_PATHS = "$(inherited) @executable_path/Frameworks";
				PRODUCT_BUNDLE_IDENTIFIER = com.test.POCBook;
				PRODUCT_NAME = "$(TARGET_NAME)";
				SWIFT_VERSION = 3.0;
			};
			name = Debug;
		};
		7924EE8D1E0D2B06009CBB85 /* Release */ = {
			isa = XCBuildConfiguration;
			buildSettings = {
				ASSETCATALOG_COMPILER_APPICON_NAME = AppIcon;
				INFOPLIST_FILE = POCBook/Info.plist;
				LD_RUNPATH_SEARCH_PATHS = "$(inherited) @executable_path/Frameworks";
				PRODUCT_BUNDLE_IDENTIFIER = com.test.POCBook;
				PRODUCT_NAME = "$(TARGET_NAME)";
				SWIFT_VERSION = 3.0;
			};
			name = Release;
		};
		7924EE8F1E0D2B06009CBB85 /* Debug */ = {
			isa = XCBuildConfiguration;
			buildSettings = {
				ALWAYS_EMBED_SWIFT_STANDARD_LIBRARIES = YES;
				BUNDLE_LOADER = "$(TEST_HOST)";
				INFOPLIST_FILE = POCBookTests/Info.plist;
				LD_RUNPATH_SEARCH_PATHS = "$(inherited) @executable_path/Frameworks @loader_path/Frameworks";
				PRODUCT_BUNDLE_IDENTIFIER = com.test.POCBookTests;
				PRODUCT_NAME = "$(TARGET_NAME)";
				SWIFT_VERSION = 3.0;
				TEST_HOST = "$(BUILT_PRODUCTS_DIR)/POCBook.app/POCBook";
			};
			name = Debug;
		};
		7924EE901E0D2B06009CBB85 /* Release */ = {
			isa = XCBuildConfiguration;
			buildSettings = {
				ALWAYS_EMBED_SWIFT_STANDARD_LIBRARIES = YES;
				BUNDLE_LOADER = "$(TEST_HOST)";
				INFOPLIST_FILE = POCBookTests/Info.plist;
				LD_RUNPATH_SEARCH_PATHS = "$(inherited) @executable_path/Frameworks @loader_path/Frameworks";
				PRODUCT_BUNDLE_IDENTIFIER = com.test.POCBookTests;
				PRODUCT_NAME = "$(TARGET_NAME)";
				SWIFT_VERSION = 3.0;
				TEST_HOST = "$(BUILT_PRODUCTS_DIR)/POCBook.app/POCBook";
			};
			name = Release;
		};
		7924EE921E0D2B06009CBB85 /* Debug */ = {
			isa = XCBuildConfiguration;
			buildSettings = {
				ALWAYS_EMBED_SWIFT_STANDARD_LIBRARIES = YES;
				INFOPLIST_FILE = POCBookUITests/Info.plist;
				LD_RUNPATH_SEARCH_PATHS = "$(inherited) @executable_path/Frameworks @loader_path/Frameworks";
				PRODUCT_BUNDLE_IDENTIFIER = com.test.POCBookUITests;
				PRODUCT_NAME = "$(TARGET_NAME)";
				SWIFT_VERSION = 3.0;
				TEST_TARGET_NAME = POCBook;
			};
			name = Debug;
		};
		7924EE931E0D2B06009CBB85 /* Release */ = {
			isa = XCBuildConfiguration;
			buildSettings = {
				ALWAYS_EMBED_SWIFT_STANDARD_LIBRARIES = YES;
				INFOPLIST_FILE = POCBookUITests/Info.plist;
				LD_RUNPATH_SEARCH_PATHS = "$(inherited) @executable_path/Frameworks @loader_path/Frameworks";
				PRODUCT_BUNDLE_IDENTIFIER = com.test.POCBookUITests;
				PRODUCT_NAME = "$(TARGET_NAME)";
				SWIFT_VERSION = 3.0;
				TEST_TARGET_NAME = POCBook;
			};
			name = Release;
		};
/* End XCBuildConfiguration section */

/* Begin XCConfigurationList section */
		7924EE5E1E0D2B05009CBB85 /* Build configuration list for PBXProject "POCBook" */ = {
			isa = XCConfigurationList;
			buildConfigurations = (
				7924EE891E0D2B06009CBB85 /* Debug */,
				7924EE8A1E0D2B06009CBB85 /* Release */,
			);
			defaultConfigurationIsVisible = 0;
			defaultConfigurationName = Release;
		};
		7924EE8B1E0D2B06009CBB85 /* Build configuration list for PBXNativeTarget "POCBook" */ = {
			isa = XCConfigurationList;
			buildConfigurations = (
				7924EE8C1E0D2B06009CBB85 /* Debug */,
				7924EE8D1E0D2B06009CBB85 /* Release */,
			);
			defaultConfigurationIsVisible = 0;
			defaultConfigurationName = Release;
		};
		7924EE8E1E0D2B06009CBB85 /* Build configuration list for PBXNativeTarget "POCBookTests" */ = {
			isa = XCConfigurationList;
			buildConfigurations = (
				7924EE8F1E0D2B06009CBB85 /* Debug */,
				7924EE901E0D2B06009CBB85 /* Release */,
			);
			defaultConfigurationIsVisible = 0;
			defaultConfigurationName = Release;
		};
		7924EE911E0D2B06009CBB85 /* Build configuration list for PBXNativeTarget "POCBookUITests" */ = {
			isa = XCConfigurationList;
			buildConfigurations = (
				7924EE921E0D2B06009CBB85 /* Debug */,
				7924EE931E0D2B06009CBB85 /* Release */,
			);
			defaultConfigurationIsVisible = 0;
			defaultConfigurationName = Release;
		};
/* End XCConfigurationList section */

/* Begin XCVersionGroup section */
		79225D7E1E2D030600A70730 /* GitHubIssues.xcdatamodeld */ = {
			isa = XCVersionGroup;
			children = (
				79225D7F1E2D030600A70730 /* GitHubIssues.xcdatamodel */,
			);
			currentVersion = 79225D7F1E2D030600A70730 /* GitHubIssues.xcdatamodel */;
			path = GitHubIssues.xcdatamodeld;
			sourceTree = "<group>";
			versionGroupType = wrapper.xcdatamodel;
		};
/* End XCVersionGroup section */
	};
	rootObject = 7924EE5B1E0D2B05009CBB85 /* Project object */;
}
